// !$*UTF8*$!
{
	archiveVersion = 1;
	classes = {
	};
	objectVersion = 56;
	objects = {

/* Begin PBXBuildFile section */
		50C110AE2B9DCB6400D94258 /* MushroomSpotApp.swift in Sources */ = {isa = PBXBuildFile; fileRef = 50C110AD2B9DCB6400D94258 /* MushroomSpotApp.swift */; };
		50C110B02B9DCB6400D94258 /* RootView.swift in Sources */ = {isa = PBXBuildFile; fileRef = 50C110AF2B9DCB6400D94258 /* RootView.swift */; };
		50C110B22B9DCB6500D94258 /* Assets.xcassets in Resources */ = {isa = PBXBuildFile; fileRef = 50C110B12B9DCB6500D94258 /* Assets.xcassets */; };
		50C110B52B9DCB6500D94258 /* Preview Assets.xcassets in Resources */ = {isa = PBXBuildFile; fileRef = 50C110B42B9DCB6500D94258 /* Preview Assets.xcassets */; };
		50C110BF2B9DCB6500D94258 /* MushroomSpotTests.swift in Sources */ = {isa = PBXBuildFile; fileRef = 50C110BE2B9DCB6500D94258 /* MushroomSpotTests.swift */; };
		50C110C92B9DCB6500D94258 /* MushroomSpotUITests.swift in Sources */ = {isa = PBXBuildFile; fileRef = 50C110C82B9DCB6500D94258 /* MushroomSpotUITests.swift */; };
		50C110CB2B9DCB6500D94258 /* MushroomSpotUITestsLaunchTests.swift in Sources */ = {isa = PBXBuildFile; fileRef = 50C110CA2B9DCB6500D94258 /* MushroomSpotUITestsLaunchTests.swift */; };
		50C110D92B9DD28100D94258 /* LoginView.swift in Sources */ = {isa = PBXBuildFile; fileRef = 50C110D82B9DD28100D94258 /* LoginView.swift */; };
		50C110DC2B9DD31800D94258 /* LoginViewModel.swift in Sources */ = {isa = PBXBuildFile; fileRef = 50C110DB2B9DD31800D94258 /* LoginViewModel.swift */; };
		50C110E12B9E142A00D94258 /* HomeView.swift in Sources */ = {isa = PBXBuildFile; fileRef = 50C110E02B9E142A00D94258 /* HomeView.swift */; };
		50C110E32B9E144500D94258 /* ProfileView.swift in Sources */ = {isa = PBXBuildFile; fileRef = 50C110E22B9E144500D94258 /* ProfileView.swift */; };
		50C110E52B9E145500D94258 /* MushroomDetailsView.swift in Sources */ = {isa = PBXBuildFile; fileRef = 50C110E42B9E145500D94258 /* MushroomDetailsView.swift */; };
		50C110E72B9E19D900D94258 /* ProfileFieldView.swift in Sources */ = {isa = PBXBuildFile; fileRef = 50C110E62B9E19D900D94258 /* ProfileFieldView.swift */; };
/* End PBXBuildFile section */

/* Begin PBXContainerItemProxy section */
		50C110BB2B9DCB6500D94258 /* PBXContainerItemProxy */ = {
			isa = PBXContainerItemProxy;
			containerPortal = 50C110A22B9DCB6400D94258 /* Project object */;
			proxyType = 1;
			remoteGlobalIDString = 50C110A92B9DCB6400D94258;
			remoteInfo = MushroomSpot;
		};
		50C110C52B9DCB6500D94258 /* PBXContainerItemProxy */ = {
			isa = PBXContainerItemProxy;
			containerPortal = 50C110A22B9DCB6400D94258 /* Project object */;
			proxyType = 1;
			remoteGlobalIDString = 50C110A92B9DCB6400D94258;
			remoteInfo = MushroomSpot;
		};
/* End PBXContainerItemProxy section */

/* Begin PBXFileReference section */
		50C110AA2B9DCB6400D94258 /* MushroomSpot.app */ = {isa = PBXFileReference; explicitFileType = wrapper.application; includeInIndex = 0; path = MushroomSpot.app; sourceTree = BUILT_PRODUCTS_DIR; };
		50C110AD2B9DCB6400D94258 /* MushroomSpotApp.swift */ = {isa = PBXFileReference; lastKnownFileType = sourcecode.swift; path = MushroomSpotApp.swift; sourceTree = "<group>"; };
		50C110AF2B9DCB6400D94258 /* RootView.swift */ = {isa = PBXFileReference; lastKnownFileType = sourcecode.swift; name = RootView.swift; path = ../RootView.swift; sourceTree = "<group>"; };
		50C110B12B9DCB6500D94258 /* Assets.xcassets */ = {isa = PBXFileReference; lastKnownFileType = folder.assetcatalog; path = Assets.xcassets; sourceTree = "<group>"; };
		50C110B42B9DCB6500D94258 /* Preview Assets.xcassets */ = {isa = PBXFileReference; lastKnownFileType = folder.assetcatalog; path = "Preview Assets.xcassets"; sourceTree = "<group>"; };
		50C110BA2B9DCB6500D94258 /* MushroomSpotTests.xctest */ = {isa = PBXFileReference; explicitFileType = wrapper.cfbundle; includeInIndex = 0; path = MushroomSpotTests.xctest; sourceTree = BUILT_PRODUCTS_DIR; };
		50C110BE2B9DCB6500D94258 /* MushroomSpotTests.swift */ = {isa = PBXFileReference; lastKnownFileType = sourcecode.swift; path = MushroomSpotTests.swift; sourceTree = "<group>"; };
		50C110C42B9DCB6500D94258 /* MushroomSpotUITests.xctest */ = {isa = PBXFileReference; explicitFileType = wrapper.cfbundle; includeInIndex = 0; path = MushroomSpotUITests.xctest; sourceTree = BUILT_PRODUCTS_DIR; };
		50C110C82B9DCB6500D94258 /* MushroomSpotUITests.swift */ = {isa = PBXFileReference; lastKnownFileType = sourcecode.swift; path = MushroomSpotUITests.swift; sourceTree = "<group>"; };
		50C110CA2B9DCB6500D94258 /* MushroomSpotUITestsLaunchTests.swift */ = {isa = PBXFileReference; lastKnownFileType = sourcecode.swift; path = MushroomSpotUITestsLaunchTests.swift; sourceTree = "<group>"; };
		50C110D82B9DD28100D94258 /* LoginView.swift */ = {isa = PBXFileReference; lastKnownFileType = sourcecode.swift; path = LoginView.swift; sourceTree = "<group>"; };
		50C110DB2B9DD31800D94258 /* LoginViewModel.swift */ = {isa = PBXFileReference; lastKnownFileType = sourcecode.swift; path = LoginViewModel.swift; sourceTree = "<group>"; };
		50C110E02B9E142A00D94258 /* HomeView.swift */ = {isa = PBXFileReference; lastKnownFileType = sourcecode.swift; path = HomeView.swift; sourceTree = "<group>"; };
		50C110E22B9E144500D94258 /* ProfileView.swift */ = {isa = PBXFileReference; lastKnownFileType = sourcecode.swift; path = ProfileView.swift; sourceTree = "<group>"; };
		50C110E42B9E145500D94258 /* MushroomDetailsView.swift */ = {isa = PBXFileReference; lastKnownFileType = sourcecode.swift; path = MushroomDetailsView.swift; sourceTree = "<group>"; };
		50C110E62B9E19D900D94258 /* ProfileFieldView.swift */ = {isa = PBXFileReference; lastKnownFileType = sourcecode.swift; path = ProfileFieldView.swift; sourceTree = "<group>"; };
/* End PBXFileReference section */

/* Begin PBXFrameworksBuildPhase section */
		50C110A72B9DCB6400D94258 /* Frameworks */ = {
			isa = PBXFrameworksBuildPhase;
			buildActionMask = 2147483647;
			files = (
			);
			runOnlyForDeploymentPostprocessing = 0;
		};
		50C110B72B9DCB6500D94258 /* Frameworks */ = {
			isa = PBXFrameworksBuildPhase;
			buildActionMask = 2147483647;
			files = (
			);
			runOnlyForDeploymentPostprocessing = 0;
		};
		50C110C12B9DCB6500D94258 /* Frameworks */ = {
			isa = PBXFrameworksBuildPhase;
			buildActionMask = 2147483647;
			files = (
			);
			runOnlyForDeploymentPostprocessing = 0;
		};
/* End PBXFrameworksBuildPhase section */

/* Begin PBXGroup section */
		50C110A12B9DCB6400D94258 = {
			isa = PBXGroup;
			children = (
				50C110AC2B9DCB6400D94258 /* MushroomSpot */,
				50C110BD2B9DCB6500D94258 /* MushroomSpotTests */,
				50C110C72B9DCB6500D94258 /* MushroomSpotUITests */,
				50C110AB2B9DCB6400D94258 /* Products */,
			);
			sourceTree = "<group>";
		};
		50C110AB2B9DCB6400D94258 /* Products */ = {
			isa = PBXGroup;
			children = (
				50C110AA2B9DCB6400D94258 /* MushroomSpot.app */,
				50C110BA2B9DCB6500D94258 /* MushroomSpotTests.xctest */,
				50C110C42B9DCB6500D94258 /* MushroomSpotUITests.xctest */,
			);
			name = Products;
			sourceTree = "<group>";
		};
		50C110AC2B9DCB6400D94258 /* MushroomSpot */ = {
			isa = PBXGroup;
			children = (
				50C110AD2B9DCB6400D94258 /* MushroomSpotApp.swift */,
				50C110D72B9DCF8900D94258 /* Screens */,
				50C110B12B9DCB6500D94258 /* Assets.xcassets */,
				50C110B32B9DCB6500D94258 /* Preview Content */,
			);
			path = MushroomSpot;
			sourceTree = "<group>";
		};
		50C110B32B9DCB6500D94258 /* Preview Content */ = {
			isa = PBXGroup;
			children = (
				50C110B42B9DCB6500D94258 /* Preview Assets.xcassets */,
			);
			path = "Preview Content";
			sourceTree = "<group>";
		};
		50C110BD2B9DCB6500D94258 /* MushroomSpotTests */ = {
			isa = PBXGroup;
			children = (
				50C110BE2B9DCB6500D94258 /* MushroomSpotTests.swift */,
			);
			path = MushroomSpotTests;
			sourceTree = "<group>";
		};
		50C110C72B9DCB6500D94258 /* MushroomSpotUITests */ = {
			isa = PBXGroup;
			children = (
				50C110C82B9DCB6500D94258 /* MushroomSpotUITests.swift */,
				50C110CA2B9DCB6500D94258 /* MushroomSpotUITestsLaunchTests.swift */,
			);
			path = MushroomSpotUITests;
			sourceTree = "<group>";
		};
		50C110D72B9DCF8900D94258 /* Screens */ = {
			isa = PBXGroup;
			children = (
				50C110DD2B9E13F300D94258 /* Home */,
				50C110DA2B9DD30200D94258 /* Login */,
				50C110DE2B9E13FD00D94258 /* Profile */,
				50C110DF2B9E140C00D94258 /* Mushroom */,
				50C110AF2B9DCB6400D94258 /* RootView.swift */,
			);
			path = Screens;
			sourceTree = "<group>";
		};
		50C110DA2B9DD30200D94258 /* Login */ = {
			isa = PBXGroup;
			children = (
				50C110DB2B9DD31800D94258 /* LoginViewModel.swift */,
				50C110D82B9DD28100D94258 /* LoginView.swift */,
			);
			path = Login;
			sourceTree = "<group>";
		};
		50C110DD2B9E13F300D94258 /* Home */ = {
			isa = PBXGroup;
			children = (
				50C110E02B9E142A00D94258 /* HomeView.swift */,
			);
			path = Home;
			sourceTree = "<group>";
		};
		50C110DE2B9E13FD00D94258 /* Profile */ = {
			isa = PBXGroup;
			children = (
				50C110E22B9E144500D94258 /* ProfileView.swift */,
				50C110E62B9E19D900D94258 /* ProfileFieldView.swift */,
			);
			path = Profile;
			sourceTree = "<group>";
		};
		50C110DF2B9E140C00D94258 /* Mushroom */ = {
			isa = PBXGroup;
			children = (
				50C110E42B9E145500D94258 /* MushroomDetailsView.swift */,
			);
			path = Mushroom;
			sourceTree = "<group>";
		};
/* End PBXGroup section */

/* Begin PBXNativeTarget section */
		50C110A92B9DCB6400D94258 /* MushroomSpot */ = {
			isa = PBXNativeTarget;
			buildConfigurationList = 50C110CE2B9DCB6500D94258 /* Build configuration list for PBXNativeTarget "MushroomSpot" */;
			buildPhases = (
				50C110A62B9DCB6400D94258 /* Sources */,
				50C110A72B9DCB6400D94258 /* Frameworks */,
				50C110A82B9DCB6400D94258 /* Resources */,
			);
			buildRules = (
			);
			dependencies = (
			);
			name = MushroomSpot;
			productName = MushroomSpot;
			productReference = 50C110AA2B9DCB6400D94258 /* MushroomSpot.app */;
			productType = "com.apple.product-type.application";
		};
		50C110B92B9DCB6500D94258 /* MushroomSpotTests */ = {
			isa = PBXNativeTarget;
			buildConfigurationList = 50C110D12B9DCB6500D94258 /* Build configuration list for PBXNativeTarget "MushroomSpotTests" */;
			buildPhases = (
				50C110B62B9DCB6500D94258 /* Sources */,
				50C110B72B9DCB6500D94258 /* Frameworks */,
				50C110B82B9DCB6500D94258 /* Resources */,
			);
			buildRules = (
			);
			dependencies = (
				50C110BC2B9DCB6500D94258 /* PBXTargetDependency */,
			);
			name = MushroomSpotTests;
			productName = MushroomSpotTests;
			productReference = 50C110BA2B9DCB6500D94258 /* MushroomSpotTests.xctest */;
			productType = "com.apple.product-type.bundle.unit-test";
		};
		50C110C32B9DCB6500D94258 /* MushroomSpotUITests */ = {
			isa = PBXNativeTarget;
			buildConfigurationList = 50C110D42B9DCB6500D94258 /* Build configuration list for PBXNativeTarget "MushroomSpotUITests" */;
			buildPhases = (
				50C110C02B9DCB6500D94258 /* Sources */,
				50C110C12B9DCB6500D94258 /* Frameworks */,
				50C110C22B9DCB6500D94258 /* Resources */,
			);
			buildRules = (
			);
			dependencies = (
				50C110C62B9DCB6500D94258 /* PBXTargetDependency */,
			);
			name = MushroomSpotUITests;
			productName = MushroomSpotUITests;
			productReference = 50C110C42B9DCB6500D94258 /* MushroomSpotUITests.xctest */;
			productType = "com.apple.product-type.bundle.ui-testing";
		};
/* End PBXNativeTarget section */

/* Begin PBXProject section */
		50C110A22B9DCB6400D94258 /* Project object */ = {
			isa = PBXProject;
			attributes = {
				BuildIndependentTargetsInParallel = 1;
				LastSwiftUpdateCheck = 1530;
				LastUpgradeCheck = 1530;
				TargetAttributes = {
					50C110A92B9DCB6400D94258 = {
						CreatedOnToolsVersion = 15.3;
					};
					50C110B92B9DCB6500D94258 = {
						CreatedOnToolsVersion = 15.3;
						TestTargetID = 50C110A92B9DCB6400D94258;
					};
					50C110C32B9DCB6500D94258 = {
						CreatedOnToolsVersion = 15.3;
						TestTargetID = 50C110A92B9DCB6400D94258;
					};
				};
			};
			buildConfigurationList = 50C110A52B9DCB6400D94258 /* Build configuration list for PBXProject "MushroomSpot" */;
			compatibilityVersion = "Xcode 14.0";
			developmentRegion = en;
			hasScannedForEncodings = 0;
			knownRegions = (
				en,
				Base,
			);
			mainGroup = 50C110A12B9DCB6400D94258;
			productRefGroup = 50C110AB2B9DCB6400D94258 /* Products */;
			projectDirPath = "";
			projectRoot = "";
			targets = (
				50C110A92B9DCB6400D94258 /* MushroomSpot */,
				50C110B92B9DCB6500D94258 /* MushroomSpotTests */,
				50C110C32B9DCB6500D94258 /* MushroomSpotUITests */,
			);
		};
/* End PBXProject section */

/* Begin PBXResourcesBuildPhase section */
		50C110A82B9DCB6400D94258 /* Resources */ = {
			isa = PBXResourcesBuildPhase;
			buildActionMask = 2147483647;
			files = (
				50C110B52B9DCB6500D94258 /* Preview Assets.xcassets in Resources */,
				50C110B22B9DCB6500D94258 /* Assets.xcassets in Resources */,
			);
			runOnlyForDeploymentPostprocessing = 0;
		};
		50C110B82B9DCB6500D94258 /* Resources */ = {
			isa = PBXResourcesBuildPhase;
			buildActionMask = 2147483647;
			files = (
			);
			runOnlyForDeploymentPostprocessing = 0;
		};
		50C110C22B9DCB6500D94258 /* Resources */ = {
			isa = PBXResourcesBuildPhase;
			buildActionMask = 2147483647;
			files = (
			);
			runOnlyForDeploymentPostprocessing = 0;
		};
/* End PBXResourcesBuildPhase section */

/* Begin PBXSourcesBuildPhase section */
		50C110A62B9DCB6400D94258 /* Sources */ = {
			isa = PBXSourcesBuildPhase;
			buildActionMask = 2147483647;
			files = (
				50C110DC2B9DD31800D94258 /* LoginViewModel.swift in Sources */,
				50C110E72B9E19D900D94258 /* ProfileFieldView.swift in Sources */,
				50C110D92B9DD28100D94258 /* LoginView.swift in Sources */,
				50C110B02B9DCB6400D94258 /* RootView.swift in Sources */,
				50C110E12B9E142A00D94258 /* HomeView.swift in Sources */,
				50C110E32B9E144500D94258 /* ProfileView.swift in Sources */,
				50C110AE2B9DCB6400D94258 /* MushroomSpotApp.swift in Sources */,
				50C110E52B9E145500D94258 /* MushroomDetailsView.swift in Sources */,
			);
			runOnlyForDeploymentPostprocessing = 0;
		};
		50C110B62B9DCB6500D94258 /* Sources */ = {
			isa = PBXSourcesBuildPhase;
			buildActionMask = 2147483647;
			files = (
				50C110BF2B9DCB6500D94258 /* MushroomSpotTests.swift in Sources */,
			);
			runOnlyForDeploymentPostprocessing = 0;
		};
		50C110C02B9DCB6500D94258 /* Sources */ = {
			isa = PBXSourcesBuildPhase;
			buildActionMask = 2147483647;
			files = (
				50C110CB2B9DCB6500D94258 /* MushroomSpotUITestsLaunchTests.swift in Sources */,
				50C110C92B9DCB6500D94258 /* MushroomSpotUITests.swift in Sources */,
			);
			runOnlyForDeploymentPostprocessing = 0;
		};
/* End PBXSourcesBuildPhase section */

/* Begin PBXTargetDependency section */
		50C110BC2B9DCB6500D94258 /* PBXTargetDependency */ = {
			isa = PBXTargetDependency;
			target = 50C110A92B9DCB6400D94258 /* MushroomSpot */;
			targetProxy = 50C110BB2B9DCB6500D94258 /* PBXContainerItemProxy */;
		};
		50C110C62B9DCB6500D94258 /* PBXTargetDependency */ = {
			isa = PBXTargetDependency;
			target = 50C110A92B9DCB6400D94258 /* MushroomSpot */;
			targetProxy = 50C110C52B9DCB6500D94258 /* PBXContainerItemProxy */;
		};
/* End PBXTargetDependency section */

/* Begin XCBuildConfiguration section */
		50C110CC2B9DCB6500D94258 /* Debug */ = {
			isa = XCBuildConfiguration;
			buildSettings = {
				ALWAYS_SEARCH_USER_PATHS = NO;
				ASSETCATALOG_COMPILER_GENERATE_SWIFT_ASSET_SYMBOL_EXTENSIONS = YES;
				CLANG_ANALYZER_NONNULL = YES;
				CLANG_ANALYZER_NUMBER_OBJECT_CONVERSION = YES_AGGRESSIVE;
				CLANG_CXX_LANGUAGE_STANDARD = "gnu++20";
				CLANG_ENABLE_MODULES = YES;
				CLANG_ENABLE_OBJC_ARC = YES;
				CLANG_ENABLE_OBJC_WEAK = YES;
				CLANG_WARN_BLOCK_CAPTURE_AUTORELEASING = YES;
				CLANG_WARN_BOOL_CONVERSION = YES;
				CLANG_WARN_COMMA = YES;
				CLANG_WARN_CONSTANT_CONVERSION = YES;
				CLANG_WARN_DEPRECATED_OBJC_IMPLEMENTATIONS = YES;
				CLANG_WARN_DIRECT_OBJC_ISA_USAGE = YES_ERROR;
				CLANG_WARN_DOCUMENTATION_COMMENTS = YES;
				CLANG_WARN_EMPTY_BODY = YES;
				CLANG_WARN_ENUM_CONVERSION = YES;
				CLANG_WARN_INFINITE_RECURSION = YES;
				CLANG_WARN_INT_CONVERSION = YES;
				CLANG_WARN_NON_LITERAL_NULL_CONVERSION = YES;
				CLANG_WARN_OBJC_IMPLICIT_RETAIN_SELF = YES;
				CLANG_WARN_OBJC_LITERAL_CONVERSION = YES;
				CLANG_WARN_OBJC_ROOT_CLASS = YES_ERROR;
				CLANG_WARN_QUOTED_INCLUDE_IN_FRAMEWORK_HEADER = YES;
				CLANG_WARN_RANGE_LOOP_ANALYSIS = YES;
				CLANG_WARN_STRICT_PROTOTYPES = YES;
				CLANG_WARN_SUSPICIOUS_MOVE = YES;
				CLANG_WARN_UNGUARDED_AVAILABILITY = YES_AGGRESSIVE;
				CLANG_WARN_UNREACHABLE_CODE = YES;
				CLANG_WARN__DUPLICATE_METHOD_MATCH = YES;
				COPY_PHASE_STRIP = NO;
				DEBUG_INFORMATION_FORMAT = dwarf;
				ENABLE_STRICT_OBJC_MSGSEND = YES;
				ENABLE_TESTABILITY = YES;
				ENABLE_USER_SCRIPT_SANDBOXING = YES;
				GCC_C_LANGUAGE_STANDARD = gnu17;
				GCC_DYNAMIC_NO_PIC = NO;
				GCC_NO_COMMON_BLOCKS = YES;
				GCC_OPTIMIZATION_LEVEL = 0;
				GCC_PREPROCESSOR_DEFINITIONS = (
					"DEBUG=1",
					"$(inherited)",
				);
				GCC_WARN_64_TO_32_BIT_CONVERSION = YES;
				GCC_WARN_ABOUT_RETURN_TYPE = YES_ERROR;
				GCC_WARN_UNDECLARED_SELECTOR = YES;
				GCC_WARN_UNINITIALIZED_AUTOS = YES_AGGRESSIVE;
				GCC_WARN_UNUSED_FUNCTION = YES;
				GCC_WARN_UNUSED_VARIABLE = YES;
				IPHONEOS_DEPLOYMENT_TARGET = 17.4;
				LOCALIZATION_PREFERS_STRING_CATALOGS = YES;
				MTL_ENABLE_DEBUG_INFO = INCLUDE_SOURCE;
				MTL_FAST_MATH = YES;
				ONLY_ACTIVE_ARCH = YES;
				SDKROOT = iphoneos;
				SWIFT_ACTIVE_COMPILATION_CONDITIONS = "DEBUG $(inherited)";
				SWIFT_OPTIMIZATION_LEVEL = "-Onone";
			};
			name = Debug;
		};
		50C110CD2B9DCB6500D94258 /* Release */ = {
			isa = XCBuildConfiguration;
			buildSettings = {
				ALWAYS_SEARCH_USER_PATHS = NO;
				ASSETCATALOG_COMPILER_GENERATE_SWIFT_ASSET_SYMBOL_EXTENSIONS = YES;
				CLANG_ANALYZER_NONNULL = YES;
				CLANG_ANALYZER_NUMBER_OBJECT_CONVERSION = YES_AGGRESSIVE;
				CLANG_CXX_LANGUAGE_STANDARD = "gnu++20";
				CLANG_ENABLE_MODULES = YES;
				CLANG_ENABLE_OBJC_ARC = YES;
				CLANG_ENABLE_OBJC_WEAK = YES;
				CLANG_WARN_BLOCK_CAPTURE_AUTORELEASING = YES;
				CLANG_WARN_BOOL_CONVERSION = YES;
				CLANG_WARN_COMMA = YES;
				CLANG_WARN_CONSTANT_CONVERSION = YES;
				CLANG_WARN_DEPRECATED_OBJC_IMPLEMENTATIONS = YES;
				CLANG_WARN_DIRECT_OBJC_ISA_USAGE = YES_ERROR;
				CLANG_WARN_DOCUMENTATION_COMMENTS = YES;
				CLANG_WARN_EMPTY_BODY = YES;
				CLANG_WARN_ENUM_CONVERSION = YES;
				CLANG_WARN_INFINITE_RECURSION = YES;
				CLANG_WARN_INT_CONVERSION = YES;
				CLANG_WARN_NON_LITERAL_NULL_CONVERSION = YES;
				CLANG_WARN_OBJC_IMPLICIT_RETAIN_SELF = YES;
				CLANG_WARN_OBJC_LITERAL_CONVERSION = YES;
				CLANG_WARN_OBJC_ROOT_CLASS = YES_ERROR;
				CLANG_WARN_QUOTED_INCLUDE_IN_FRAMEWORK_HEADER = YES;
				CLANG_WARN_RANGE_LOOP_ANALYSIS = YES;
				CLANG_WARN_STRICT_PROTOTYPES = YES;
				CLANG_WARN_SUSPICIOUS_MOVE = YES;
				CLANG_WARN_UNGUARDED_AVAILABILITY = YES_AGGRESSIVE;
				CLANG_WARN_UNREACHABLE_CODE = YES;
				CLANG_WARN__DUPLICATE_METHOD_MATCH = YES;
				COPY_PHASE_STRIP = NO;
				DEBUG_INFORMATION_FORMAT = "dwarf-with-dsym";
				ENABLE_NS_ASSERTIONS = NO;
				ENABLE_STRICT_OBJC_MSGSEND = YES;
				ENABLE_USER_SCRIPT_SANDBOXING = YES;
				GCC_C_LANGUAGE_STANDARD = gnu17;
				GCC_NO_COMMON_BLOCKS = YES;
				GCC_WARN_64_TO_32_BIT_CONVERSION = YES;
				GCC_WARN_ABOUT_RETURN_TYPE = YES_ERROR;
				GCC_WARN_UNDECLARED_SELECTOR = YES;
				GCC_WARN_UNINITIALIZED_AUTOS = YES_AGGRESSIVE;
				GCC_WARN_UNUSED_FUNCTION = YES;
				GCC_WARN_UNUSED_VARIABLE = YES;
				IPHONEOS_DEPLOYMENT_TARGET = 17.4;
				LOCALIZATION_PREFERS_STRING_CATALOGS = YES;
				MTL_ENABLE_DEBUG_INFO = NO;
				MTL_FAST_MATH = YES;
				SDKROOT = iphoneos;
				SWIFT_COMPILATION_MODE = wholemodule;
				VALIDATE_PRODUCT = YES;
			};
			name = Release;
		};
		50C110CF2B9DCB6500D94258 /* Debug */ = {
			isa = XCBuildConfiguration;
			buildSettings = {
				ASSETCATALOG_COMPILER_APPICON_NAME = AppIcon;
				ASSETCATALOG_COMPILER_GLOBAL_ACCENT_COLOR_NAME = AccentColor;
				CODE_SIGN_STYLE = Automatic;
				CURRENT_PROJECT_VERSION = 1;
				DEVELOPMENT_ASSET_PATHS = "\"MushroomSpot/Preview Content\"";
				DEVELOPMENT_TEAM = FT55VMY55D;
				ENABLE_PREVIEWS = YES;
				GENERATE_INFOPLIST_FILE = YES;
				INFOPLIST_KEY_UIApplicationSceneManifest_Generation = YES;
				INFOPLIST_KEY_UIApplicationSupportsIndirectInputEvents = YES;
				INFOPLIST_KEY_UILaunchScreen_Generation = YES;
				INFOPLIST_KEY_UISupportedInterfaceOrientations_iPad = "UIInterfaceOrientationPortrait UIInterfaceOrientationPortraitUpsideDown UIInterfaceOrientationLandscapeLeft UIInterfaceOrientationLandscapeRight";
				INFOPLIST_KEY_UISupportedInterfaceOrientations_iPhone = "UIInterfaceOrientationPortrait UIInterfaceOrientationLandscapeLeft UIInterfaceOrientationLandscapeRight";
				LD_RUNPATH_SEARCH_PATHS = (
					"$(inherited)",
					"@executable_path/Frameworks",
				);
				MARKETING_VERSION = 1.0;
				PRODUCT_BUNDLE_IDENTIFIER = id.global.MushroomSpot;
				PRODUCT_NAME = "$(TARGET_NAME)";
				SWIFT_EMIT_LOC_STRINGS = YES;
				SWIFT_VERSION = 5.0;
				TARGETED_DEVICE_FAMILY = "1,2";
			};
			name = Debug;
		};
		50C110D02B9DCB6500D94258 /* Release */ = {
			isa = XCBuildConfiguration;
			buildSettings = {
				ASSETCATALOG_COMPILER_APPICON_NAME = AppIcon;
				ASSETCATALOG_COMPILER_GLOBAL_ACCENT_COLOR_NAME = AccentColor;
				CODE_SIGN_STYLE = Automatic;
				CURRENT_PROJECT_VERSION = 1;
				DEVELOPMENT_ASSET_PATHS = "\"MushroomSpot/Preview Content\"";
				DEVELOPMENT_TEAM = FT55VMY55D;
				ENABLE_PREVIEWS = YES;
				GENERATE_INFOPLIST_FILE = YES;
				INFOPLIST_KEY_UIApplicationSceneManifest_Generation = YES;
				INFOPLIST_KEY_UIApplicationSupportsIndirectInputEvents = YES;
				INFOPLIST_KEY_UILaunchScreen_Generation = YES;
				INFOPLIST_KEY_UISupportedInterfaceOrientations_iPad = "UIInterfaceOrientationPortrait UIInterfaceOrientationPortraitUpsideDown UIInterfaceOrientationLandscapeLeft UIInterfaceOrientationLandscapeRight";
				INFOPLIST_KEY_UISupportedInterfaceOrientations_iPhone = "UIInterfaceOrientationPortrait UIInterfaceOrientationLandscapeLeft UIInterfaceOrientationLandscapeRight";
				LD_RUNPATH_SEARCH_PATHS = (
					"$(inherited)",
					"@executable_path/Frameworks",
				);
				MARKETING_VERSION = 1.0;
				PRODUCT_BUNDLE_IDENTIFIER = id.global.MushroomSpot;
				PRODUCT_NAME = "$(TARGET_NAME)";
				SWIFT_EMIT_LOC_STRINGS = YES;
				SWIFT_VERSION = 5.0;
				TARGETED_DEVICE_FAMILY = "1,2";
			};
			name = Release;
		};
		50C110D22B9DCB6500D94258 /* Debug */ = {
			isa = XCBuildConfiguration;
			buildSettings = {
				ALWAYS_EMBED_SWIFT_STANDARD_LIBRARIES = YES;
				BUNDLE_LOADER = "$(TEST_HOST)";
				CODE_SIGN_STYLE = Automatic;
				CURRENT_PROJECT_VERSION = 1;
				DEVELOPMENT_TEAM = FT55VMY55D;
				GENERATE_INFOPLIST_FILE = YES;
				IPHONEOS_DEPLOYMENT_TARGET = 17.4;
				MARKETING_VERSION = 1.0;
				PRODUCT_BUNDLE_IDENTIFIER = id.global.MushroomSpotTests;
				PRODUCT_NAME = "$(TARGET_NAME)";
				SWIFT_EMIT_LOC_STRINGS = NO;
				SWIFT_VERSION = 5.0;
				TARGETED_DEVICE_FAMILY = "1,2";
				TEST_HOST = "$(BUILT_PRODUCTS_DIR)/MushroomSpot.app/$(BUNDLE_EXECUTABLE_FOLDER_PATH)/MushroomSpot";
			};
			name = Debug;
		};
		50C110D32B9DCB6500D94258 /* Release */ = {
			isa = XCBuildConfiguration;
			buildSettings = {
				ALWAYS_EMBED_SWIFT_STANDARD_LIBRARIES = YES;
				BUNDLE_LOADER = "$(TEST_HOST)";
				CODE_SIGN_STYLE = Automatic;
				CURRENT_PROJECT_VERSION = 1;
				DEVELOPMENT_TEAM = FT55VMY55D;
				GENERATE_INFOPLIST_FILE = YES;
				IPHONEOS_DEPLOYMENT_TARGET = 17.4;
				MARKETING_VERSION = 1.0;
				PRODUCT_BUNDLE_IDENTIFIER = id.global.MushroomSpotTests;
				PRODUCT_NAME = "$(TARGET_NAME)";
				SWIFT_EMIT_LOC_STRINGS = NO;
				SWIFT_VERSION = 5.0;
				TARGETED_DEVICE_FAMILY = "1,2";
				TEST_HOST = "$(BUILT_PRODUCTS_DIR)/MushroomSpot.app/$(BUNDLE_EXECUTABLE_FOLDER_PATH)/MushroomSpot";
			};
			name = Release;
		};
		50C110D52B9DCB6500D94258 /* Debug */ = {
			isa = XCBuildConfiguration;
			buildSettings = {
				ALWAYS_EMBED_SWIFT_STANDARD_LIBRARIES = YES;
				CODE_SIGN_STYLE = Automatic;
				CURRENT_PROJECT_VERSION = 1;
				DEVELOPMENT_TEAM = FT55VMY55D;
				GENERATE_INFOPLIST_FILE = YES;
				MARKETING_VERSION = 1.0;
				PRODUCT_BUNDLE_IDENTIFIER = id.global.MushroomSpotUITests;
				PRODUCT_NAME = "$(TARGET_NAME)";
				SWIFT_EMIT_LOC_STRINGS = NO;
				SWIFT_VERSION = 5.0;
				TARGETED_DEVICE_FAMILY = "1,2";
				TEST_TARGET_NAME = MushroomSpot;
			};
			name = Debug;
		};
		50C110D62B9DCB6500D94258 /* Release */ = {
			isa = XCBuildConfiguration;
			buildSettings = {
				ALWAYS_EMBED_SWIFT_STANDARD_LIBRARIES = YES;
				CODE_SIGN_STYLE = Automatic;
				CURRENT_PROJECT_VERSION = 1;
				DEVELOPMENT_TEAM = FT55VMY55D;
				GENERATE_INFOPLIST_FILE = YES;
				MARKETING_VERSION = 1.0;
				PRODUCT_BUNDLE_IDENTIFIER = id.global.MushroomSpotUITests;
				PRODUCT_NAME = "$(TARGET_NAME)";
				SWIFT_EMIT_LOC_STRINGS = NO;
				SWIFT_VERSION = 5.0;
				TARGETED_DEVICE_FAMILY = "1,2";
				TEST_TARGET_NAME = MushroomSpot;
			};
			name = Release;
		};
/* End XCBuildConfiguration section */

/* Begin XCConfigurationList section */
		50C110A52B9DCB6400D94258 /* Build configuration list for PBXProject "MushroomSpot" */ = {
			isa = XCConfigurationList;
			buildConfigurations = (
				50C110CC2B9DCB6500D94258 /* Debug */,
				50C110CD2B9DCB6500D94258 /* Release */,
			);
			defaultConfigurationIsVisible = 0;
			defaultConfigurationName = Release;
		};
		50C110CE2B9DCB6500D94258 /* Build configuration list for PBXNativeTarget "MushroomSpot" */ = {
			isa = XCConfigurationList;
			buildConfigurations = (
				50C110CF2B9DCB6500D94258 /* Debug */,
				50C110D02B9DCB6500D94258 /* Release */,
			);
			defaultConfigurationIsVisible = 0;
			defaultConfigurationName = Release;
		};
		50C110D12B9DCB6500D94258 /* Build configuration list for PBXNativeTarget "MushroomSpotTests" */ = {
			isa = XCConfigurationList;
			buildConfigurations = (
				50C110D22B9DCB6500D94258 /* Debug */,
				50C110D32B9DCB6500D94258 /* Release */,
			);
			defaultConfigurationIsVisible = 0;
			defaultConfigurationName = Release;
		};
		50C110D42B9DCB6500D94258 /* Build configuration list for PBXNativeTarget "MushroomSpotUITests" */ = {
			isa = XCConfigurationList;
			buildConfigurations = (
				50C110D52B9DCB6500D94258 /* Debug */,
				50C110D62B9DCB6500D94258 /* Release */,
			);
			defaultConfigurationIsVisible = 0;
			defaultConfigurationName = Release;
		};
/* End XCConfigurationList section */
	};
	rootObject = 50C110A22B9DCB6400D94258 /* Project object */;
}
